PODS:
  - Expecta (0.2.1)
  - Inline (0.1.0)
  - OCMock (2.0.1)
  - Specify (0.0.2):
    - Inline (~> 0.1.0)

DEPENDENCIES:
  - Expecta
  - OCMock
  - Specify

SPEC REPOS:
  trunk:
    - Expecta
    - Inline
    - OCMock
    - Specify

SPEC CHECKSUMS:
  Expecta: 9baf79e5a81955466b5f6c5e879f154fc8c88afa
  Inline: 958bbcb3f5053e05918fc2b882de8007ce24e40e
  OCMock: 7a839b55abfb78e8ec3bf6eaa3cdcc567ac71d2a
  Specify: f07fa285d211363f4c6f5c92035da546592f8e21

PODFILE CHECKSUM: a089c70eb10082c5435c060a03674975e467bff4

COCOAPODS: 1.9.1
